
Microsoft Visual Studio Solution File, Format Version 12.00
# Visual Studio 2013
VisualStudioVersion = 12.0.30110.0
MinimumVisualStudioVersion = 10.0.40219.1
Project("{FAE04EC0-301F-11D3-BF4B-00C04F79EFBC}") = "Core", "Core\Core.csproj", "{E34A8419-B4A8-4F1A-86F0-94B207714255}"
EndProject
Project("{FAE04EC0-301F-11D3-BF4B-00C04F79EFBC}") = "Core.Tests", "Core.Tests\Core.Tests.csproj", "{909A40DC-A371-44DA-A075-015E40F1F60A}"
EndProject
Project("{FAE04EC0-301F-11D3-BF4B-00C04F79EFBC}") = "CommandLineTool", "CommandLineTool\CommandLineTool.csproj", "{AC3AFB27-4FFE-4226-8627-1A3070E1C8BB}"
EndProject
Project("{2150E333-8FDC-42A3-9474-1A3956D46DE8}") = "Solution Items", "Solution Items", "{DFE6166B-DA90-4157-8F56-E98696BB5874}"
	ProjectSection(SolutionItems) = preProject
		.gitignore = .gitignore
		LICENSE = LICENSE
		README.md = README.md
	EndProjectSection
EndProject
Global
	GlobalSection(SolutionConfigurationPlatforms) = preSolution
		Debug|Any CPU = Debug|Any CPU
		Release|Any CPU = Release|Any CPU
	EndGlobalSection
	GlobalSection(ProjectConfigurationPlatforms) = postSolution
		{E34A8419-B4A8-4F1A-86F0-94B207714255}.Debug|Any CPU.ActiveCfg = Debug|Any CPU
		{E34A8419-B4A8-4F1A-86F0-94B207714255}.Debug|Any CPU.Build.0 = Debug|Any CPU
		{E34A8419-B4A8-4F1A-86F0-94B207714255}.Release|Any CPU.ActiveCfg = Release|Any CPU
		{E34A8419-B4A8-4F1A-86F0-94B207714255}.Release|Any CPU.Build.0 = Release|Any CPU
		{909A40DC-A371-44DA-A075-015E40F1F60A}.Debug|Any CPU.ActiveCfg = Debug|Any CPU
		{909A40DC-A371-44DA-A075-015E40F1F60A}.Debug|Any CPU.Build.0 = Debug|Any CPU
		{909A40DC-A371-44DA-A075-015E40F1F60A}.Release|Any CPU.ActiveCfg = Release|Any CPU
		{909A40DC-A371-44DA-A075-015E40F1F60A}.Release|Any CPU.Build.0 = Release|Any CPU
		{AC3AFB27-4FFE-4226-8627-1A3070E1C8BB}.Debug|Any CPU.ActiveCfg = Debug|Any CPU
		{AC3AFB27-4FFE-4226-8627-1A3070E1C8BB}.Debug|Any CPU.Build.0 = Debug|Any CPU
		{AC3AFB27-4FFE-4226-8627-1A3070E1C8BB}.Release|Any CPU.ActiveCfg = Release|Any CPU
		{AC3AFB27-4FFE-4226-8627-1A3070E1C8BB}.Release|Any CPU.Build.0 = Release|Any CPU
	EndGlobalSection
	GlobalSection(SolutionProperties) = preSolution
		HideSolutionNode = FALSE
	EndGlobalSection
EndGlobal
